// !$*UTF8*$!
{
	archiveVersion = 1;
	classes = {
	};
	objectVersion = 46;
	objects = {

/* Begin PBXBuildFile section */
		5D40ACB6ED36D2AF08FC9B1C /* libPods-Take-out Demo.a in Frameworks */ = {isa = PBXBuildFile; fileRef = CFA8B500350969133BB30524 /* libPods-Take-out Demo.a */; };
		9D511D541E632B9E008C7348 /* supermarket in Resources */ = {isa = PBXBuildFile; fileRef = 9D511D531E632B9E008C7348 /* supermarket */; };
		9D6769241E599BCA0029E45C /* YJOrderHeadView.m in Sources */ = {isa = PBXBuildFile; fileRef = 9D6769231E599BCA0029E45C /* YJOrderHeadView.m */; };
		9D6769271E599E3C0029E45C /* YJMenuView.m in Sources */ = {isa = PBXBuildFile; fileRef = 9D6769261E599E3C0029E45C /* YJMenuView.m */; };
		9D67692A1E599E940029E45C /* YJTitleIconAction.m in Sources */ = {isa = PBXBuildFile; fileRef = 9D6769291E599E940029E45C /* YJTitleIconAction.m */; };
		9D67692D1E59A2BB0029E45C /* YJTitleIconView.m in Sources */ = {isa = PBXBuildFile; fileRef = 9D67692C1E59A2BB0029E45C /* YJTitleIconView.m */; };
		9D6769301E59BAD80029E45C /* YJFooterBannerData.m in Sources */ = {isa = PBXBuildFile; fileRef = 9D67692F1E59BAD80029E45C /* YJFooterBannerData.m */; };
		9D6769321E59C6CE0029E45C /* footerBanner in Resources */ = {isa = PBXBuildFile; fileRef = 9D6769311E59C6CE0029E45C /* footerBanner */; };
		9D7A243F1E55EE2400F1DBCA /* YJMyHeadView.m in Sources */ = {isa = PBXBuildFile; fileRef = 9D7A243E1E55EE2400F1DBCA /* YJMyHeadView.m */; };
		9D8375D71E5C95820040E2E9 /* YJCategoryCell.m in Sources */ = {isa = PBXBuildFile; fileRef = 9D8375D61E5C95820040E2E9 /* YJCategoryCell.m */; };
		9D8375E21E5DDE9C0040E2E9 /* CategoryData.m in Sources */ = {isa = PBXBuildFile; fileRef = 9D8375E11E5DDE9C0040E2E9 /* CategoryData.m */; };
		9D8375E51E5DE0890040E2E9 /* YJCategorySource.m in Sources */ = {isa = PBXBuildFile; fileRef = 9D8375E41E5DE0890040E2E9 /* YJCategorySource.m */; };
		9D8375E81E5DE9760040E2E9 /* YJProductsViewController.m in Sources */ = {isa = PBXBuildFile; fileRef = 9D8375E71E5DE9760040E2E9 /* YJProductsViewController.m */; };
		9D8375EB1E5DEB030040E2E9 /* YJGoodsCell.m in Sources */ = {isa = PBXBuildFile; fileRef = 9D8375EA1E5DEB030040E2E9 /* YJGoodsCell.m */; };
		9DA5117B1E53495800F8684D /* 首页热卖 in Resources */ = {isa = PBXBuildFile; fileRef = 9DA5117A1E53495800F8684D /* 首页热卖 */; };
		9DA5117D1E534A1C00F8684D /* 首页新鲜热卖 in Resources */ = {isa = PBXBuildFile; fileRef = 9DA5117C1E534A1C00F8684D /* 首页新鲜热卖 */; };
		9DA511801E534B0700F8684D /* YJAnimationRefreshHeader.m in Sources */ = {isa = PBXBuildFile; fileRef = 9DA5117F1E534B0700F8684D /* YJAnimationRefreshHeader.m */; };
		9DA818281E090B1400DD80B7 /* main.m in Sources */ = {isa = PBXBuildFile; fileRef = 9DA818271E090B1400DD80B7 /* main.m */; };
		9DA8182B1E090B1400DD80B7 /* AppDelegate.m in Sources */ = {isa = PBXBuildFile; fileRef = 9DA8182A1E090B1400DD80B7 /* AppDelegate.m */; };
		9DA818341E090B1400DD80B7 /* Take_out_Demo.xcdatamodeld in Sources */ = {isa = PBXBuildFile; fileRef = 9DA818321E090B1400DD80B7 /* Take_out_Demo.xcdatamodeld */; };
		9DA818361E090B1400DD80B7 /* Assets.xcassets in Resources */ = {isa = PBXBuildFile; fileRef = 9DA818351E090B1400DD80B7 /* Assets.xcassets */; };
		9DA818391E090B1400DD80B7 /* LaunchScreen.storyboard in Resources */ = {isa = PBXBuildFile; fileRef = 9DA818371E090B1400DD80B7 /* LaunchScreen.storyboard */; };
		9DA818441E090B1400DD80B7 /* Take_out_DemoTests.m in Sources */ = {isa = PBXBuildFile; fileRef = 9DA818431E090B1400DD80B7 /* Take_out_DemoTests.m */; };
		9DA818591E090C4B00DD80B7 /* YJConst.m in Sources */ = {isa = PBXBuildFile; fileRef = 9DA818581E090C4B00DD80B7 /* YJConst.m */; };
		9DA8185D1E090E4E00DD80B7 /* YJMainTabBarViewController.m in Sources */ = {isa = PBXBuildFile; fileRef = 9DA8185C1E090E4E00DD80B7 /* YJMainTabBarViewController.m */; };
		9DA818601E09100B00DD80B7 /* YJBaseNavigationController.m in Sources */ = {isa = PBXBuildFile; fileRef = 9DA8185F1E09100B00DD80B7 /* YJBaseNavigationController.m */; };
		9DA818661E09124A00DD80B7 /* YJHomeViewController.m in Sources */ = {isa = PBXBuildFile; fileRef = 9DA818651E09124A00DD80B7 /* YJHomeViewController.m */; };
		9DA8186C1E0912D100DD80B7 /* YJCircleViewController.m in Sources */ = {isa = PBXBuildFile; fileRef = 9DA8186B1E0912D100DD80B7 /* YJCircleViewController.m */; };
		9DA818721E0912FA00DD80B7 /* YJShoppingViewController.m in Sources */ = {isa = PBXBuildFile; fileRef = 9DA818711E0912FA00DD80B7 /* YJShoppingViewController.m */; };
		9DA818781E09131F00DD80B7 /* YJMyViewController.m in Sources */ = {isa = PBXBuildFile; fileRef = 9DA818771E09131F00DD80B7 /* YJMyViewController.m */; };
		9DA8187C1E09185700DD80B7 /* AppConst.m in Sources */ = {isa = PBXBuildFile; fileRef = 9DA8187B1E09185700DD80B7 /* AppConst.m */; };
		9DA818801E0A189900DD80B7 /* YJShopCarTool.m in Sources */ = {isa = PBXBuildFile; fileRef = 9DA8187F1E0A189900DD80B7 /* YJShopCarTool.m */; };
		9DA818831E0A18EF00DD80B7 /* YJGoods.m in Sources */ = {isa = PBXBuildFile; fileRef = 9DA818821E0A18EF00DD80B7 /* YJGoods.m */; };
		9DA818871E0A25AC00DD80B7 /* NSString+Extension.m in Sources */ = {isa = PBXBuildFile; fileRef = 9DA818861E0A25AC00DD80B7 /* NSString+Extension.m */; };
		9DA8188A1E0AD8FB00DD80B7 /* YJBaseViewController.m in Sources */ = {isa = PBXBuildFile; fileRef = 9DA818891E0AD8FB00DD80B7 /* YJBaseViewController.m */; };
		9DA8188D1E0AD93D00DD80B7 /* YJSelectedAdressViewController.m in Sources */ = {isa = PBXBuildFile; fileRef = 9DA8188C1E0AD93D00DD80B7 /* YJSelectedAdressViewController.m */; };
		9DA818911E0AD9AB00DD80B7 /* UIBarButtonItem+Button.m in Sources */ = {isa = PBXBuildFile; fileRef = 9DA818901E0AD9AB00DD80B7 /* UIBarButtonItem+Button.m */; };
		9DA818941E0ADA4900DD80B7 /* ItemCustomButton.m in Sources */ = {isa = PBXBuildFile; fileRef = 9DA818931E0ADA4900DD80B7 /* ItemCustomButton.m */; };
		9DA818971E0AE17100DD80B7 /* YJHomeHeadData.m in Sources */ = {isa = PBXBuildFile; fileRef = 9DA818961E0AE17100DD80B7 /* YJHomeHeadData.m */; };
		9DA8189A1E0AE30400DD80B7 /* YJActivity.m in Sources */ = {isa = PBXBuildFile; fileRef = 9DA818991E0AE30400DD80B7 /* YJActivity.m */; };
		9DA8189D1E0AE9AE00DD80B7 /* YJHomeHeadView.m in Sources */ = {isa = PBXBuildFile; fileRef = 9DA8189C1E0AE9AE00DD80B7 /* YJHomeHeadView.m */; };
		9DA818A01E0AE9E400DD80B7 /* YJScrollPageView.m in Sources */ = {isa = PBXBuildFile; fileRef = 9DA8189F1E0AE9E400DD80B7 /* YJScrollPageView.m */; };
		9DA818A31E0B782F00DD80B7 /* YJHeadLineView.m in Sources */ = {isa = PBXBuildFile; fileRef = 9DA818A21E0B782F00DD80B7 /* YJHeadLineView.m */; };
		9DA818A61E0B789200DD80B7 /* YJHeadLinePageVIew.m in Sources */ = {isa = PBXBuildFile; fileRef = 9DA818A51E0B789200DD80B7 /* YJHeadLinePageVIew.m */; };
		9DA818A91E0B790700DD80B7 /* YJHeadLineContentView.m in Sources */ = {isa = PBXBuildFile; fileRef = 9DA818A81E0B790700DD80B7 /* YJHeadLineContentView.m */; };
		9DA818AC1E0BB4EF00DD80B7 /* YJHotView.m in Sources */ = {isa = PBXBuildFile; fileRef = 9DA818AB1E0BB4EF00DD80B7 /* YJHotView.m */; };
		9DA818AF1E0BB57600DD80B7 /* YJIconImageTextView.m in Sources */ = {isa = PBXBuildFile; fileRef = 9DA818AE1E0BB57600DD80B7 /* YJIconImageTextView.m */; };
		9DA818B21E0BDE0000DD80B7 /* YJWebViewController.m in Sources */ = {isa = PBXBuildFile; fileRef = 9DA818B11E0BDE0000DD80B7 /* YJWebViewController.m */; };
		9DA818B51E0BDF7C00DD80B7 /* BaseTabBarViewController.m in Sources */ = {isa = PBXBuildFile; fileRef = 9DA818B41E0BDF7C00DD80B7 /* BaseTabBarViewController.m */; };
		9DA818B91E0BFE5500DD80B7 /* BaseTabBatButton.m in Sources */ = {isa = PBXBuildFile; fileRef = 9DA818B81E0BFE5500DD80B7 /* BaseTabBatButton.m */; };
		9DA818BC1E0C124300DD80B7 /* YJHomeCell.m in Sources */ = {isa = PBXBuildFile; fileRef = 9DA818BB1E0C124300DD80B7 /* YJHomeCell.m */; };
		9DA818BF1E0C143B00DD80B7 /* YJDiscountPriceView.m in Sources */ = {isa = PBXBuildFile; fileRef = 9DA818BE1E0C143B00DD80B7 /* YJDiscountPriceView.m */; };
		9DA818C21E0C1F1C00DD80B7 /* YJBuyView.m in Sources */ = {isa = PBXBuildFile; fileRef = 9DA818C11E0C1F1C00DD80B7 /* YJBuyView.m */; };
		9DA818C61E0C202A00DD80B7 /* YJProgressHUDManager.m in Sources */ = {isa = PBXBuildFile; fileRef = 9DA818C51E0C202A00DD80B7 /* YJProgressHUDManager.m */; };
		9DA818C91E0C311200DD80B7 /* YJHomeCategoryCell.m in Sources */ = {isa = PBXBuildFile; fileRef = 9DA818C81E0C311200DD80B7 /* YJHomeCategoryCell.m */; };
		9DA818CC1E0C315200DD80B7 /* YJHomeCellTitleView.m in Sources */ = {isa = PBXBuildFile; fileRef = 9DA818CB1E0C315200DD80B7 /* YJHomeCellTitleView.m */; };
		9DA818CF1E0C31E000DD80B7 /* UIColor+YJExpand.m in Sources */ = {isa = PBXBuildFile; fileRef = 9DA818CE1E0C31E000DD80B7 /* UIColor+YJExpand.m */; };
		9DA818D21E0C37C600DD80B7 /* YJHomeCellGoodsView.m in Sources */ = {isa = PBXBuildFile; fileRef = 9DA818D11E0C37C600DD80B7 /* YJHomeCellGoodsView.m */; };
/* End PBXBuildFile section */

/* Begin PBXContainerItemProxy section */
		9DA818401E090B1400DD80B7 /* PBXContainerItemProxy */ = {
			isa = PBXContainerItemProxy;
			containerPortal = 9DA8181B1E090B1400DD80B7 /* Project object */;
			proxyType = 1;
			remoteGlobalIDString = 9DA818221E090B1400DD80B7;
			remoteInfo = "Take-out Demo";
		};
/* End PBXContainerItemProxy section */

/* Begin PBXFileReference section */
		9D511D531E632B9E008C7348 /* supermarket */ = {isa = PBXFileReference; fileEncoding = 4; lastKnownFileType = text; name = supermarket; path = Resource/supermarket; sourceTree = "<group>"; };
		9D6769221E599BCA0029E45C /* YJOrderHeadView.h */ = {isa = PBXFileReference; fileEncoding = 4; lastKnownFileType = sourcecode.c.h; name = YJOrderHeadView.h; path = My/View/YJOrderHeadView.h; sourceTree = "<group>"; };
		9D6769231E599BCA0029E45C /* YJOrderHeadView.m */ = {isa = PBXFileReference; fileEncoding = 4; lastKnownFileType = sourcecode.c.objc; name = YJOrderHeadView.m; path = My/View/YJOrderHeadView.m; sourceTree = "<group>"; };
		9D6769251E599E3C0029E45C /* YJMenuView.h */ = {isa = PBXFileReference; fileEncoding = 4; lastKnownFileType = sourcecode.c.h; name = YJMenuView.h; path = My/View/YJMenuView.h; sourceTree = "<group>"; };
		9D6769261E599E3C0029E45C /* YJMenuView.m */ = {isa = PBXFileReference; fileEncoding = 4; lastKnownFileType = sourcecode.c.objc; name = YJMenuView.m; path = My/View/YJMenuView.m; sourceTree = "<group>"; };
		9D6769281E599E940029E45C /* YJTitleIconAction.h */ = {isa = PBXFileReference; fileEncoding = 4; lastKnownFileType = sourcecode.c.h; name = YJTitleIconAction.h; path = My/Model/YJTitleIconAction.h; sourceTree = "<group>"; };
		9D6769291E599E940029E45C /* YJTitleIconAction.m */ = {isa = PBXFileReference; fileEncoding = 4; lastKnownFileType = sourcecode.c.objc; name = YJTitleIconAction.m; path = My/Model/YJTitleIconAction.m; sourceTree = "<group>"; };
		9D67692B1E59A2BB0029E45C /* YJTitleIconView.h */ = {isa = PBXFileReference; fileEncoding = 4; lastKnownFileType = sourcecode.c.h; name = YJTitleIconView.h; path = My/View/YJTitleIconView.h; sourceTree = "<group>"; };
		9D67692C1E59A2BB0029E45C /* YJTitleIconView.m */ = {isa = PBXFileReference; fileEncoding = 4; lastKnownFileType = sourcecode.c.objc; name = YJTitleIconView.m; path = My/View/YJTitleIconView.m; sourceTree = "<group>"; };
		9D67692E1E59BAD80029E45C /* YJFooterBannerData.h */ = {isa = PBXFileReference; fileEncoding = 4; lastKnownFileType = sourcecode.c.h; name = YJFooterBannerData.h; path = My/Model/YJFooterBannerData.h; sourceTree = "<group>"; };
		9D67692F1E59BAD80029E45C /* YJFooterBannerData.m */ = {isa = PBXFileReference; fileEncoding = 4; lastKnownFileType = sourcecode.c.objc; name = YJFooterBannerData.m; path = My/Model/YJFooterBannerData.m; sourceTree = "<group>"; };
		9D6769311E59C6CE0029E45C /* footerBanner */ = {isa = PBXFileReference; fileEncoding = 4; lastKnownFileType = text; name = footerBanner; path = Resource/footerBanner; sourceTree = "<group>"; };
		9D7A243D1E55EE2400F1DBCA /* YJMyHeadView.h */ = {isa = PBXFileReference; fileEncoding = 4; lastKnownFileType = sourcecode.c.h; name = YJMyHeadView.h; path = My/View/YJMyHeadView.h; sourceTree = "<group>"; };
		9D7A243E1E55EE2400F1DBCA /* YJMyHeadView.m */ = {isa = PBXFileReference; fileEncoding = 4; lastKnownFileType = sourcecode.c.objc; name = YJMyHeadView.m; path = My/View/YJMyHeadView.m; sourceTree = "<group>"; };
		9D8375D51E5C95820040E2E9 /* YJCategoryCell.h */ = {isa = PBXFileReference; fileEncoding = 4; lastKnownFileType = sourcecode.c.h; name = YJCategoryCell.h; path = Category/Views/YJCategoryCell.h; sourceTree = "<group>"; };
		9D8375D61E5C95820040E2E9 /* YJCategoryCell.m */ = {isa = PBXFileReference; fileEncoding = 4; lastKnownFileType = sourcecode.c.objc; name = YJCategoryCell.m; path = Category/Views/YJCategoryCell.m; sourceTree = "<group>"; };
		9D8375E01E5DDE9C0040E2E9 /* CategoryData.h */ = {isa = PBXFileReference; fileEncoding = 4; lastKnownFileType = sourcecode.c.h; name = CategoryData.h; path = Category/Model/CategoryData.h; sourceTree = "<group>"; };
		9D8375E11E5DDE9C0040E2E9 /* CategoryData.m */ = {isa = PBXFileReference; fileEncoding = 4; lastKnownFileType = sourcecode.c.objc; name = CategoryData.m; path = Category/Model/CategoryData.m; sourceTree = "<group>"; };
		9D8375E31E5DE0890040E2E9 /* YJCategorySource.h */ = {isa = PBXFileReference; fileEncoding = 4; lastKnownFileType = sourcecode.c.h; name = YJCategorySource.h; path = Category/Model/YJCategorySource.h; sourceTree = "<group>"; };
		9D8375E41E5DE0890040E2E9 /* YJCategorySource.m */ = {isa = PBXFileReference; fileEncoding = 4; lastKnownFileType = sourcecode.c.objc; name = YJCategorySource.m; path = Category/Model/YJCategorySource.m; sourceTree = "<group>"; };
		9D8375E61E5DE9760040E2E9 /* YJProductsViewController.h */ = {isa = PBXFileReference; fileEncoding = 4; lastKnownFileType = sourcecode.c.h; name = YJProductsViewController.h; path = Category/viewController/YJProductsViewController.h; sourceTree = "<group>"; };
		9D8375E71E5DE9760040E2E9 /* YJProductsViewController.m */ = {isa = PBXFileReference; fileEncoding = 4; lastKnownFileType = sourcecode.c.objc; name = YJProductsViewController.m; path = Category/viewController/YJProductsViewController.m; sourceTree = "<group>"; };
		9D8375E91E5DEB030040E2E9 /* YJGoodsCell.h */ = {isa = PBXFileReference; fileEncoding = 4; lastKnownFileType = sourcecode.c.h; name = YJGoodsCell.h; path = Category/Views/YJGoodsCell.h; sourceTree = "<group>"; };
		9D8375EA1E5DEB030040E2E9 /* YJGoodsCell.m */ = {isa = PBXFileReference; fileEncoding = 4; lastKnownFileType = sourcecode.c.objc; name = YJGoodsCell.m; path = Category/Views/YJGoodsCell.m; sourceTree = "<group>"; };
		9DA5117A1E53495800F8684D /* 首页热卖 */ = {isa = PBXFileReference; fileEncoding = 4; lastKnownFileType = text; name = "首页热卖"; path = "Resource/首页热卖"; sourceTree = "<group>"; };
		9DA5117C1E534A1C00F8684D /* 首页新鲜热卖 */ = {isa = PBXFileReference; fileEncoding = 4; lastKnownFileType = text; name = "首页新鲜热卖"; path = "Resource/首页新鲜热卖"; sourceTree = "<group>"; };
		9DA5117E1E534B0700F8684D /* YJAnimationRefreshHeader.h */ = {isa = PBXFileReference; fileEncoding = 4; lastKnownFileType = sourcecode.c.h; path = YJAnimationRefreshHeader.h; sourceTree = "<group>"; };
		9DA5117F1E534B0700F8684D /* YJAnimationRefreshHeader.m */ = {isa = PBXFileReference; fileEncoding = 4; lastKnownFileType = sourcecode.c.objc; path = YJAnimationRefreshHeader.m; sourceTree = "<group>"; };
		9DA818231E090B1400DD80B7 /* Take-out Demo.app */ = {isa = PBXFileReference; explicitFileType = wrapper.application; includeInIndex = 0; path = "Take-out Demo.app"; sourceTree = BUILT_PRODUCTS_DIR; };
		9DA818271E090B1400DD80B7 /* main.m */ = {isa = PBXFileReference; lastKnownFileType = sourcecode.c.objc; path = main.m; sourceTree = "<group>"; };
		9DA818291E090B1400DD80B7 /* AppDelegate.h */ = {isa = PBXFileReference; lastKnownFileType = sourcecode.c.h; path = AppDelegate.h; sourceTree = "<group>"; };
		9DA8182A1E090B1400DD80B7 /* AppDelegate.m */ = {isa = PBXFileReference; lastKnownFileType = sourcecode.c.objc; path = AppDelegate.m; sourceTree = "<group>"; };
		9DA818331E090B1400DD80B7 /* Take_out_Demo.xcdatamodel */ = {isa = PBXFileReference; lastKnownFileType = wrapper.xcdatamodel; path = Take_out_Demo.xcdatamodel; sourceTree = "<group>"; };
		9DA818351E090B1400DD80B7 /* Assets.xcassets */ = {isa = PBXFileReference; lastKnownFileType = folder.assetcatalog; path = Assets.xcassets; sourceTree = "<group>"; };
		9DA818381E090B1400DD80B7 /* Base */ = {isa = PBXFileReference; lastKnownFileType = file.storyboard; name = Base; path = Base.lproj/LaunchScreen.storyboard; sourceTree = "<group>"; };
		9DA8183A1E090B1400DD80B7 /* Info.plist */ = {isa = PBXFileReference; lastKnownFileType = text.plist.xml; path = Info.plist; sourceTree = "<group>"; };
		9DA8183F1E090B1400DD80B7 /* Take-out DemoTests.xctest */ = {isa = PBXFileReference; explicitFileType = wrapper.cfbundle; includeInIndex = 0; path = "Take-out DemoTests.xctest"; sourceTree = BUILT_PRODUCTS_DIR; };
		9DA818431E090B1400DD80B7 /* Take_out_DemoTests.m */ = {isa = PBXFileReference; lastKnownFileType = sourcecode.c.objc; path = Take_out_DemoTests.m; sourceTree = "<group>"; };
		9DA818451E090B1400DD80B7 /* Info.plist */ = {isa = PBXFileReference; lastKnownFileType = text.plist.xml; path = Info.plist; sourceTree = "<group>"; };
		9DA818571E090C4B00DD80B7 /* YJConst.h */ = {isa = PBXFileReference; fileEncoding = 4; lastKnownFileType = sourcecode.c.h; path = YJConst.h; sourceTree = "<group>"; };
		9DA818581E090C4B00DD80B7 /* YJConst.m */ = {isa = PBXFileReference; fileEncoding = 4; lastKnownFileType = sourcecode.c.objc; path = YJConst.m; sourceTree = "<group>"; };
		9DA8185B1E090E4E00DD80B7 /* YJMainTabBarViewController.h */ = {isa = PBXFileReference; fileEncoding = 4; lastKnownFileType = sourcecode.c.h; path = YJMainTabBarViewController.h; sourceTree = "<group>"; };
		9DA8185C1E090E4E00DD80B7 /* YJMainTabBarViewController.m */ = {isa = PBXFileReference; fileEncoding = 4; lastKnownFileType = sourcecode.c.objc; path = YJMainTabBarViewController.m; sourceTree = "<group>"; };
		9DA8185E1E09100B00DD80B7 /* YJBaseNavigationController.h */ = {isa = PBXFileReference; fileEncoding = 4; lastKnownFileType = sourcecode.c.h; path = YJBaseNavigationController.h; sourceTree = "<group>"; };
		9DA8185F1E09100B00DD80B7 /* YJBaseNavigationController.m */ = {isa = PBXFileReference; fileEncoding = 4; lastKnownFileType = sourcecode.c.objc; path = YJBaseNavigationController.m; sourceTree = "<group>"; };
		9DA818641E09124A00DD80B7 /* YJHomeViewController.h */ = {isa = PBXFileReference; fileEncoding = 4; lastKnownFileType = sourcecode.c.h; path = YJHomeViewController.h; sourceTree = "<group>"; };
		9DA818651E09124A00DD80B7 /* YJHomeViewController.m */ = {isa = PBXFileReference; fileEncoding = 4; lastKnownFileType = sourcecode.c.objc; path = YJHomeViewController.m; sourceTree = "<group>"; };
		9DA8186A1E0912D100DD80B7 /* YJCircleViewController.h */ = {isa = PBXFileReference; fileEncoding = 4; lastKnownFileType = sourcecode.c.h; path = YJCircleViewController.h; sourceTree = "<group>"; };
		9DA8186B1E0912D100DD80B7 /* YJCircleViewController.m */ = {isa = PBXFileReference; fileEncoding = 4; lastKnownFileType = sourcecode.c.objc; path = YJCircleViewController.m; sourceTree = "<group>"; };
		9DA818701E0912FA00DD80B7 /* YJShoppingViewController.h */ = {isa = PBXFileReference; fileEncoding = 4; lastKnownFileType = sourcecode.c.h; path = YJShoppingViewController.h; sourceTree = "<group>"; };
		9DA818711E0912FA00DD80B7 /* YJShoppingViewController.m */ = {isa = PBXFileReference; fileEncoding = 4; lastKnownFileType = sourcecode.c.objc; path = YJShoppingViewController.m; sourceTree = "<group>"; };
		9DA818761E09131F00DD80B7 /* YJMyViewController.h */ = {isa = PBXFileReference; fileEncoding = 4; lastKnownFileType = sourcecode.c.h; path = YJMyViewController.h; sourceTree = "<group>"; };
		9DA818771E09131F00DD80B7 /* YJMyViewController.m */ = {isa = PBXFileReference; fileEncoding = 4; lastKnownFileType = sourcecode.c.objc; path = YJMyViewController.m; sourceTree = "<group>"; };
		9DA818791E0915D200DD80B7 /* PrefixHeader.pch */ = {isa = PBXFileReference; lastKnownFileType = sourcecode.c.h; path = PrefixHeader.pch; sourceTree = "<group>"; };
		9DA8187A1E09185700DD80B7 /* AppConst.h */ = {isa = PBXFileReference; fileEncoding = 4; lastKnownFileType = sourcecode.c.h; path = AppConst.h; sourceTree = "<group>"; };
		9DA8187B1E09185700DD80B7 /* AppConst.m */ = {isa = PBXFileReference; fileEncoding = 4; lastKnownFileType = sourcecode.c.objc; path = AppConst.m; sourceTree = "<group>"; };
		9DA8187E1E0A189900DD80B7 /* YJShopCarTool.h */ = {isa = PBXFileReference; fileEncoding = 4; lastKnownFileType = sourcecode.c.h; path = YJShopCarTool.h; sourceTree = "<group>"; };
		9DA8187F1E0A189900DD80B7 /* YJShopCarTool.m */ = {isa = PBXFileReference; fileEncoding = 4; lastKnownFileType = sourcecode.c.objc; path = YJShopCarTool.m; sourceTree = "<group>"; };
		9DA818811E0A18EF00DD80B7 /* YJGoods.h */ = {isa = PBXFileReference; fileEncoding = 4; lastKnownFileType = sourcecode.c.h; path = YJGoods.h; sourceTree = "<group>"; };
		9DA818821E0A18EF00DD80B7 /* YJGoods.m */ = {isa = PBXFileReference; fileEncoding = 4; lastKnownFileType = sourcecode.c.objc; path = YJGoods.m; sourceTree = "<group>"; };
		9DA818851E0A25AC00DD80B7 /* NSString+Extension.h */ = {isa = PBXFileReference; fileEncoding = 4; lastKnownFileType = sourcecode.c.h; path = "NSString+Extension.h"; sourceTree = "<group>"; };
		9DA818861E0A25AC00DD80B7 /* NSString+Extension.m */ = {isa = PBXFileReference; fileEncoding = 4; lastKnownFileType = sourcecode.c.objc; path = "NSString+Extension.m"; sourceTree = "<group>"; };
		9DA818881E0AD8FB00DD80B7 /* YJBaseViewController.h */ = {isa = PBXFileReference; fileEncoding = 4; lastKnownFileType = sourcecode.c.h; path = YJBaseViewController.h; sourceTree = "<group>"; };
		9DA818891E0AD8FB00DD80B7 /* YJBaseViewController.m */ = {isa = PBXFileReference; fileEncoding = 4; lastKnownFileType = sourcecode.c.objc; path = YJBaseViewController.m; sourceTree = "<group>"; };
		9DA8188B1E0AD93D00DD80B7 /* YJSelectedAdressViewController.h */ = {isa = PBXFileReference; fileEncoding = 4; lastKnownFileType = sourcecode.c.h; path = YJSelectedAdressViewController.h; sourceTree = "<group>"; };
		9DA8188C1E0AD93D00DD80B7 /* YJSelectedAdressViewController.m */ = {isa = PBXFileReference; fileEncoding = 4; lastKnownFileType = sourcecode.c.objc; path = YJSelectedAdressViewController.m; sourceTree = "<group>"; };
		9DA8188F1E0AD9AB00DD80B7 /* UIBarButtonItem+Button.h */ = {isa = PBXFileReference; fileEncoding = 4; lastKnownFileType = sourcecode.c.h; path = "UIBarButtonItem+Button.h"; sourceTree = "<group>"; };
		9DA818901E0AD9AB00DD80B7 /* UIBarButtonItem+Button.m */ = {isa = PBXFileReference; fileEncoding = 4; lastKnownFileType = sourcecode.c.objc; path = "UIBarButtonItem+Button.m"; sourceTree = "<group>"; };
		9DA818921E0ADA4900DD80B7 /* ItemCustomButton.h */ = {isa = PBXFileReference; fileEncoding = 4; lastKnownFileType = sourcecode.c.h; path = ItemCustomButton.h; sourceTree = "<group>"; };
		9DA818931E0ADA4900DD80B7 /* ItemCustomButton.m */ = {isa = PBXFileReference; fileEncoding = 4; lastKnownFileType = sourcecode.c.objc; path = ItemCustomButton.m; sourceTree = "<group>"; };
		9DA818951E0AE17100DD80B7 /* YJHomeHeadData.h */ = {isa = PBXFileReference; fileEncoding = 4; lastKnownFileType = sourcecode.c.h; path = YJHomeHeadData.h; sourceTree = "<group>"; };
		9DA818961E0AE17100DD80B7 /* YJHomeHeadData.m */ = {isa = PBXFileReference; fileEncoding = 4; lastKnownFileType = sourcecode.c.objc; path = YJHomeHeadData.m; sourceTree = "<group>"; };
		9DA818981E0AE30400DD80B7 /* YJActivity.h */ = {isa = PBXFileReference; fileEncoding = 4; lastKnownFileType = sourcecode.c.h; path = YJActivity.h; sourceTree = "<group>"; };
		9DA818991E0AE30400DD80B7 /* YJActivity.m */ = {isa = PBXFileReference; fileEncoding = 4; lastKnownFileType = sourcecode.c.objc; path = YJActivity.m; sourceTree = "<group>"; };
		9DA8189B1E0AE9AE00DD80B7 /* YJHomeHeadView.h */ = {isa = PBXFileReference; fileEncoding = 4; lastKnownFileType = sourcecode.c.h; path = YJHomeHeadView.h; sourceTree = "<group>"; };
		9DA8189C1E0AE9AE00DD80B7 /* YJHomeHeadView.m */ = {isa = PBXFileReference; fileEncoding = 4; lastKnownFileType = sourcecode.c.objc; path = YJHomeHeadView.m; sourceTree = "<group>"; };
		9DA8189E1E0AE9E400DD80B7 /* YJScrollPageView.h */ = {isa = PBXFileReference; fileEncoding = 4; lastKnownFileType = sourcecode.c.h; path = YJScrollPageView.h; sourceTree = "<group>"; };
		9DA8189F1E0AE9E400DD80B7 /* YJScrollPageView.m */ = {isa = PBXFileReference; fileEncoding = 4; lastKnownFileType = sourcecode.c.objc; path = YJScrollPageView.m; sourceTree = "<group>"; };
		9DA818A11E0B782F00DD80B7 /* YJHeadLineView.h */ = {isa = PBXFileReference; fileEncoding = 4; lastKnownFileType = sourcecode.c.h; path = YJHeadLineView.h; sourceTree = "<group>"; };
		9DA818A21E0B782F00DD80B7 /* YJHeadLineView.m */ = {isa = PBXFileReference; fileEncoding = 4; lastKnownFileType = sourcecode.c.objc; path = YJHeadLineView.m; sourceTree = "<group>"; };
		9DA818A41E0B789200DD80B7 /* YJHeadLinePageVIew.h */ = {isa = PBXFileReference; fileEncoding = 4; lastKnownFileType = sourcecode.c.h; path = YJHeadLinePageVIew.h; sourceTree = "<group>"; };
		9DA818A51E0B789200DD80B7 /* YJHeadLinePageVIew.m */ = {isa = PBXFileReference; fileEncoding = 4; lastKnownFileType = sourcecode.c.objc; path = YJHeadLinePageVIew.m; sourceTree = "<group>"; };
		9DA818A71E0B790700DD80B7 /* YJHeadLineContentView.h */ = {isa = PBXFileReference; fileEncoding = 4; lastKnownFileType = sourcecode.c.h; path = YJHeadLineContentView.h; sourceTree = "<group>"; };
		9DA818A81E0B790700DD80B7 /* YJHeadLineContentView.m */ = {isa = PBXFileReference; fileEncoding = 4; lastKnownFileType = sourcecode.c.objc; path = YJHeadLineContentView.m; sourceTree = "<group>"; };
		9DA818AA1E0BB4EF00DD80B7 /* YJHotView.h */ = {isa = PBXFileReference; fileEncoding = 4; lastKnownFileType = sourcecode.c.h; path = YJHotView.h; sourceTree = "<group>"; };
		9DA818AB1E0BB4EF00DD80B7 /* YJHotView.m */ = {isa = PBXFileReference; fileEncoding = 4; lastKnownFileType = sourcecode.c.objc; path = YJHotView.m; sourceTree = "<group>"; };
		9DA818AD1E0BB57600DD80B7 /* YJIconImageTextView.h */ = {isa = PBXFileReference; fileEncoding = 4; lastKnownFileType = sourcecode.c.h; path = YJIconImageTextView.h; sourceTree = "<group>"; };
		9DA818AE1E0BB57600DD80B7 /* YJIconImageTextView.m */ = {isa = PBXFileReference; fileEncoding = 4; lastKnownFileType = sourcecode.c.objc; path = YJIconImageTextView.m; sourceTree = "<group>"; };
		9DA818B01E0BDE0000DD80B7 /* YJWebViewController.h */ = {isa = PBXFileReference; fileEncoding = 4; lastKnownFileType = sourcecode.c.h; path = YJWebViewController.h; sourceTree = "<group>"; };
		9DA818B11E0BDE0000DD80B7 /* YJWebViewController.m */ = {isa = PBXFileReference; fileEncoding = 4; lastKnownFileType = sourcecode.c.objc; path = YJWebViewController.m; sourceTree = "<group>"; };
		9DA818B31E0BDF7C00DD80B7 /* BaseTabBarViewController.h */ = {isa = PBXFileReference; fileEncoding = 4; lastKnownFileType = sourcecode.c.h; path = BaseTabBarViewController.h; sourceTree = "<group>"; };
		9DA818B41E0BDF7C00DD80B7 /* BaseTabBarViewController.m */ = {isa = PBXFileReference; fileEncoding = 4; lastKnownFileType = sourcecode.c.objc; path = BaseTabBarViewController.m; sourceTree = "<group>"; };
		9DA818B71E0BFE5500DD80B7 /* BaseTabBatButton.h */ = {isa = PBXFileReference; fileEncoding = 4; lastKnownFileType = sourcecode.c.h; path = BaseTabBatButton.h; sourceTree = "<group>"; };
		9DA818B81E0BFE5500DD80B7 /* BaseTabBatButton.m */ = {isa = PBXFileReference; fileEncoding = 4; lastKnownFileType = sourcecode.c.objc; path = BaseTabBatButton.m; sourceTree = "<group>"; };
		9DA818BA1E0C124300DD80B7 /* YJHomeCell.h */ = {isa = PBXFileReference; fileEncoding = 4; lastKnownFileType = sourcecode.c.h; path = YJHomeCell.h; sourceTree = "<group>"; };
		9DA818BB1E0C124300DD80B7 /* YJHomeCell.m */ = {isa = PBXFileReference; fileEncoding = 4; lastKnownFileType = sourcecode.c.objc; path = YJHomeCell.m; sourceTree = "<group>"; };
		9DA818BD1E0C143B00DD80B7 /* YJDiscountPriceView.h */ = {isa = PBXFileReference; fileEncoding = 4; lastKnownFileType = sourcecode.c.h; path = YJDiscountPriceView.h; sourceTree = "<group>"; };
		9DA818BE1E0C143B00DD80B7 /* YJDiscountPriceView.m */ = {isa = PBXFileReference; fileEncoding = 4; lastKnownFileType = sourcecode.c.objc; path = YJDiscountPriceView.m; sourceTree = "<group>"; };
		9DA818C01E0C1F1C00DD80B7 /* YJBuyView.h */ = {isa = PBXFileReference; fileEncoding = 4; lastKnownFileType = sourcecode.c.h; path = YJBuyView.h; sourceTree = "<group>"; };
		9DA818C11E0C1F1C00DD80B7 /* YJBuyView.m */ = {isa = PBXFileReference; fileEncoding = 4; lastKnownFileType = sourcecode.c.objc; path = YJBuyView.m; sourceTree = "<group>"; };
		9DA818C41E0C202A00DD80B7 /* YJProgressHUDManager.h */ = {isa = PBXFileReference; fileEncoding = 4; lastKnownFileType = sourcecode.c.h; path = YJProgressHUDManager.h; sourceTree = "<group>"; };
		9DA818C51E0C202A00DD80B7 /* YJProgressHUDManager.m */ = {isa = PBXFileReference; fileEncoding = 4; lastKnownFileType = sourcecode.c.objc; path = YJProgressHUDManager.m; sourceTree = "<group>"; };
		9DA818C71E0C311200DD80B7 /* YJHomeCategoryCell.h */ = {isa = PBXFileReference; fileEncoding = 4; lastKnownFileType = sourcecode.c.h; path = YJHomeCategoryCell.h; sourceTree = "<group>"; };
		9DA818C81E0C311200DD80B7 /* YJHomeCategoryCell.m */ = {isa = PBXFileReference; fileEncoding = 4; lastKnownFileType = sourcecode.c.objc; path = YJHomeCategoryCell.m; sourceTree = "<group>"; };
		9DA818CA1E0C315200DD80B7 /* YJHomeCellTitleView.h */ = {isa = PBXFileReference; fileEncoding = 4; lastKnownFileType = sourcecode.c.h; path = YJHomeCellTitleView.h; sourceTree = "<group>"; };
		9DA818CB1E0C315200DD80B7 /* YJHomeCellTitleView.m */ = {isa = PBXFileReference; fileEncoding = 4; lastKnownFileType = sourcecode.c.objc; path = YJHomeCellTitleView.m; sourceTree = "<group>"; };
		9DA818CD1E0C31E000DD80B7 /* UIColor+YJExpand.h */ = {isa = PBXFileReference; fileEncoding = 4; lastKnownFileType = sourcecode.c.h; path = "UIColor+YJExpand.h"; sourceTree = "<group>"; };
		9DA818CE1E0C31E000DD80B7 /* UIColor+YJExpand.m */ = {isa = PBXFileReference; fileEncoding = 4; lastKnownFileType = sourcecode.c.objc; path = "UIColor+YJExpand.m"; sourceTree = "<group>"; };
		9DA818D01E0C37C600DD80B7 /* YJHomeCellGoodsView.h */ = {isa = PBXFileReference; fileEncoding = 4; lastKnownFileType = sourcecode.c.h; path = YJHomeCellGoodsView.h; sourceTree = "<group>"; };
		9DA818D11E0C37C600DD80B7 /* YJHomeCellGoodsView.m */ = {isa = PBXFileReference; fileEncoding = 4; lastKnownFileType = sourcecode.c.objc; path = YJHomeCellGoodsView.m; sourceTree = "<group>"; };
		CFA8B500350969133BB30524 /* libPods-Take-out Demo.a */ = {isa = PBXFileReference; explicitFileType = archive.ar; includeInIndex = 0; path = "libPods-Take-out Demo.a"; sourceTree = BUILT_PRODUCTS_DIR; };
		D4769EA533306E7C89CE4DF5 /* Pods-Take-out Demo.debug.xcconfig */ = {isa = PBXFileReference; includeInIndex = 1; lastKnownFileType = text.xcconfig; name = "Pods-Take-out Demo.debug.xcconfig"; path = "Pods/Target Support Files/Pods-Take-out Demo/Pods-Take-out Demo.debug.xcconfig"; sourceTree = "<group>"; };
		F02E2890019195B57247E513 /* Pods-Take-out Demo.release.xcconfig */ = {isa = PBXFileReference; includeInIndex = 1; lastKnownFileType = text.xcconfig; name = "Pods-Take-out Demo.release.xcconfig"; path = "Pods/Target Support Files/Pods-Take-out Demo/Pods-Take-out Demo.release.xcconfig"; sourceTree = "<group>"; };
/* End PBXFileReference section */

/* Begin PBXFrameworksBuildPhase section */
		9DA818201E090B1400DD80B7 /* Frameworks */ = {
			isa = PBXFrameworksBuildPhase;
			buildActionMask = 2147483647;
			files = (
				5D40ACB6ED36D2AF08FC9B1C /* libPods-Take-out Demo.a in Frameworks */,
			);
			runOnlyForDeploymentPostprocessing = 0;
		};
		9DA8183C1E090B1400DD80B7 /* Frameworks */ = {
			isa = PBXFrameworksBuildPhase;
			buildActionMask = 2147483647;
			files = (
			);
			runOnlyForDeploymentPostprocessing = 0;
		};
/* End PBXFrameworksBuildPhase section */

/* Begin PBXGroup section */
		9DA8181A1E090B1400DD80B7 = {
			isa = PBXGroup;
			children = (
				9DA818251E090B1400DD80B7 /* Take-out Demo */,
				9DA818421E090B1400DD80B7 /* Take-out DemoTests */,
				9DA818241E090B1400DD80B7 /* Products */,
				B3CB6F0A4D37F0E4B3C68D2D /* Pods */,
				B38A398B2B6B1F33F02FDACD /* Frameworks */,
			);
			sourceTree = "<group>";
		};
		9DA818241E090B1400DD80B7 /* Products */ = {
			isa = PBXGroup;
			children = (
				9DA818231E090B1400DD80B7 /* Take-out Demo.app */,
				9DA8183F1E090B1400DD80B7 /* Take-out DemoTests.xctest */,
			);
			name = Products;
			sourceTree = "<group>";
		};
		9DA818251E090B1400DD80B7 /* Take-out Demo */ = {
			isa = PBXGroup;
			children = (
				9DA818541E090B6D00DD80B7 /* Resource */,
				9DA818531E090B6100DD80B7 /* Common */,
				9DA818521E090B5A00DD80B7 /* Other */,
				9DA818511E090B5400DD80B7 /* My */,
				9DA818501E090B4700DD80B7 /* Shopping */,
				9DA818551E090BA300DD80B7 /* Circle */,
				9DA8184E1E090B3600DD80B7 /* Home */,
				9DA8184F1E090B4000DD80B7 /* Main */,
				9DA818291E090B1400DD80B7 /* AppDelegate.h */,
				9DA8182A1E090B1400DD80B7 /* AppDelegate.m */,
				9DA818351E090B1400DD80B7 /* Assets.xcassets */,
				9DA818371E090B1400DD80B7 /* LaunchScreen.storyboard */,
				9DA8183A1E090B1400DD80B7 /* Info.plist */,
				9DA818321E090B1400DD80B7 /* Take_out_Demo.xcdatamodeld */,
				9DA818791E0915D200DD80B7 /* PrefixHeader.pch */,
				9DA818261E090B1400DD80B7 /* Supporting Files */,
			);
			path = "Take-out Demo";
			sourceTree = "<group>";
		};
		9DA818261E090B1400DD80B7 /* Supporting Files */ = {
			isa = PBXGroup;
			children = (
				9DA818271E090B1400DD80B7 /* main.m */,
			);
			name = "Supporting Files";
			sourceTree = "<group>";
		};
		9DA818421E090B1400DD80B7 /* Take-out DemoTests */ = {
			isa = PBXGroup;
			children = (
				9DA818431E090B1400DD80B7 /* Take_out_DemoTests.m */,
				9DA818451E090B1400DD80B7 /* Info.plist */,
			);
			path = "Take-out DemoTests";
			sourceTree = "<group>";
		};
		9DA8184E1E090B3600DD80B7 /* Home */ = {
			isa = PBXGroup;
			children = (
				9DA818631E09122900DD80B7 /* Model */,
				9DA818621E09121900DD80B7 /* View */,
				9DA818611E09121100DD80B7 /* Controller */,
			);
			name = Home;
			sourceTree = "<group>";
		};
		9DA8184F1E090B4000DD80B7 /* Main */ = {
			isa = PBXGroup;
			children = (
				9DA818B61E0BFE4000DD80B7 /* View */,
				9DA8185A1E090E2F00DD80B7 /* Controller */,
			);
			name = Main;
			sourceTree = "<group>";
		};
		9DA818501E090B4700DD80B7 /* Shopping */ = {
			isa = PBXGroup;
			children = (
				9DA8186F1E0912EA00DD80B7 /* Model */,
				9DA8186E1E0912E300DD80B7 /* Controller */,
				9DA8186D1E0912DE00DD80B7 /* View */,
			);
			name = Shopping;
			sourceTree = "<group>";
		};
		9DA818511E090B5400DD80B7 /* My */ = {
			isa = PBXGroup;
			children = (
				9DA818751E09130C00DD80B7 /* Model */,
				9DA818741E09130400DD80B7 /* Controller */,
				9DA818731E0912FE00DD80B7 /* View */,
			);
			name = My;
			sourceTree = "<group>";
		};
		9DA818521E090B5A00DD80B7 /* Other */ = {
			isa = PBXGroup;
			children = (
				9DA8187D1E0A188300DD80B7 /* Tool */,
				9DA818561E090C1F00DD80B7 /* Defines */,
			);
			name = Other;
			sourceTree = "<group>";
		};
		9DA818531E090B6100DD80B7 /* Common */ = {
			isa = PBXGroup;
			children = (
				9DA818C31E0C1FF500DD80B7 /* Tool */,
				9DA8188E1E0AD98D00DD80B7 /* View */,
				9DA818841E0A259000DD80B7 /* Extension */,
			);
			name = Common;
			sourceTree = "<group>";
		};
		9DA818541E090B6D00DD80B7 /* Resource */ = {
			isa = PBXGroup;
			children = (
				9DA5117A1E53495800F8684D /* 首页热卖 */,
				9DA5117C1E534A1C00F8684D /* 首页新鲜热卖 */,
				9D6769311E59C6CE0029E45C /* footerBanner */,
				9D511D531E632B9E008C7348 /* supermarket */,
			);
			name = Resource;
			sourceTree = "<group>";
		};
		9DA818551E090BA300DD80B7 /* Circle */ = {
			isa = PBXGroup;
			children = (
				9DA818691E0912C100DD80B7 /* Model */,
				9DA818681E0912B900DD80B7 /* Controller */,
				9DA818671E0912B200DD80B7 /* View */,
			);
			name = Circle;
			sourceTree = "<group>";
		};
		9DA818561E090C1F00DD80B7 /* Defines */ = {
			isa = PBXGroup;
			children = (
				9DA818571E090C4B00DD80B7 /* YJConst.h */,
				9DA818581E090C4B00DD80B7 /* YJConst.m */,
				9DA8187A1E09185700DD80B7 /* AppConst.h */,
				9DA8187B1E09185700DD80B7 /* AppConst.m */,
			);
			name = Defines;
			sourceTree = "<group>";
		};
		9DA8185A1E090E2F00DD80B7 /* Controller */ = {
			isa = PBXGroup;
			children = (
				9DA8185B1E090E4E00DD80B7 /* YJMainTabBarViewController.h */,
				9DA8185C1E090E4E00DD80B7 /* YJMainTabBarViewController.m */,
				9DA8185E1E09100B00DD80B7 /* YJBaseNavigationController.h */,
				9DA8185F1E09100B00DD80B7 /* YJBaseNavigationController.m */,
				9DA818881E0AD8FB00DD80B7 /* YJBaseViewController.h */,
				9DA818891E0AD8FB00DD80B7 /* YJBaseViewController.m */,
				9DA8188B1E0AD93D00DD80B7 /* YJSelectedAdressViewController.h */,
				9DA8188C1E0AD93D00DD80B7 /* YJSelectedAdressViewController.m */,
				9DA818B31E0BDF7C00DD80B7 /* BaseTabBarViewController.h */,
				9DA818B41E0BDF7C00DD80B7 /* BaseTabBarViewController.m */,
			);
			name = Controller;
			sourceTree = "<group>";
		};
		9DA818611E09121100DD80B7 /* Controller */ = {
			isa = PBXGroup;
			children = (
				9DA818641E09124A00DD80B7 /* YJHomeViewController.h */,
				9DA818651E09124A00DD80B7 /* YJHomeViewController.m */,
				9DA818B01E0BDE0000DD80B7 /* YJWebViewController.h */,
				9DA818B11E0BDE0000DD80B7 /* YJWebViewController.m */,
			);
			name = Controller;
			sourceTree = "<group>";
		};
		9DA818621E09121900DD80B7 /* View */ = {
			isa = PBXGroup;
			children = (
				9DA8189B1E0AE9AE00DD80B7 /* YJHomeHeadView.h */,
				9DA8189C1E0AE9AE00DD80B7 /* YJHomeHeadView.m */,
				9DA8189E1E0AE9E400DD80B7 /* YJScrollPageView.h */,
				9DA8189F1E0AE9E400DD80B7 /* YJScrollPageView.m */,
				9DA818A11E0B782F00DD80B7 /* YJHeadLineView.h */,
				9DA818A21E0B782F00DD80B7 /* YJHeadLineView.m */,
				9DA818A41E0B789200DD80B7 /* YJHeadLinePageVIew.h */,
				9DA818A51E0B789200DD80B7 /* YJHeadLinePageVIew.m */,
				9DA818A71E0B790700DD80B7 /* YJHeadLineContentView.h */,
				9DA818A81E0B790700DD80B7 /* YJHeadLineContentView.m */,
				9DA818AA1E0BB4EF00DD80B7 /* YJHotView.h */,
				9DA818AB1E0BB4EF00DD80B7 /* YJHotView.m */,
				9DA818BA1E0C124300DD80B7 /* YJHomeCell.h */,
				9DA818BB1E0C124300DD80B7 /* YJHomeCell.m */,
				9DA818BD1E0C143B00DD80B7 /* YJDiscountPriceView.h */,
				9DA818BE1E0C143B00DD80B7 /* YJDiscountPriceView.m */,
				9DA818C01E0C1F1C00DD80B7 /* YJBuyView.h */,
				9DA818C11E0C1F1C00DD80B7 /* YJBuyView.m */,
				9DA818C71E0C311200DD80B7 /* YJHomeCategoryCell.h */,
				9DA818C81E0C311200DD80B7 /* YJHomeCategoryCell.m */,
				9DA818CA1E0C315200DD80B7 /* YJHomeCellTitleView.h */,
				9DA818CB1E0C315200DD80B7 /* YJHomeCellTitleView.m */,
				9DA818D01E0C37C600DD80B7 /* YJHomeCellGoodsView.h */,
				9DA818D11E0C37C600DD80B7 /* YJHomeCellGoodsView.m */,
			);
			name = View;
			sourceTree = "<group>";
		};
		9DA818631E09122900DD80B7 /* Model */ = {
			isa = PBXGroup;
			children = (
				9DA818811E0A18EF00DD80B7 /* YJGoods.h */,
				9DA818821E0A18EF00DD80B7 /* YJGoods.m */,
				9DA818951E0AE17100DD80B7 /* YJHomeHeadData.h */,
				9DA818961E0AE17100DD80B7 /* YJHomeHeadData.m */,
				9DA818981E0AE30400DD80B7 /* YJActivity.h */,
				9DA818991E0AE30400DD80B7 /* YJActivity.m */,
			);
			name = Model;
			sourceTree = "<group>";
		};
		9DA818671E0912B200DD80B7 /* View */ = {
			isa = PBXGroup;
			children = (
			);
			name = View;
			sourceTree = "<group>";
		};
		9DA818681E0912B900DD80B7 /* Controller */ = {
			isa = PBXGroup;
			children = (
				9DA8186A1E0912D100DD80B7 /* YJCircleViewController.h */,
				9DA8186B1E0912D100DD80B7 /* YJCircleViewController.m */,
			);
			name = Controller;
			sourceTree = "<group>";
		};
		9DA818691E0912C100DD80B7 /* Model */ = {
			isa = PBXGroup;
			children = (
			);
			name = Model;
			sourceTree = "<group>";
		};
		9DA8186D1E0912DE00DD80B7 /* View */ = {
			isa = PBXGroup;
			children = (
				9D8375D51E5C95820040E2E9 /* YJCategoryCell.h */,
				9D8375D61E5C95820040E2E9 /* YJCategoryCell.m */,
				9D8375E91E5DEB030040E2E9 /* YJGoodsCell.h */,
				9D8375EA1E5DEB030040E2E9 /* YJGoodsCell.m */,
			);
			name = View;
			sourceTree = "<group>";
		};
		9DA8186E1E0912E300DD80B7 /* Controller */ = {
			isa = PBXGroup;
			children = (
				9DA818701E0912FA00DD80B7 /* YJShoppingViewController.h */,
				9DA818711E0912FA00DD80B7 /* YJShoppingViewController.m */,
				9D8375E61E5DE9760040E2E9 /* YJProductsViewController.h */,
				9D8375E71E5DE9760040E2E9 /* YJProductsViewController.m */,
			);
			name = Controller;
			sourceTree = "<group>";
		};
		9DA8186F1E0912EA00DD80B7 /* Model */ = {
			isa = PBXGroup;
			children = (
				9D8375E01E5DDE9C0040E2E9 /* CategoryData.h */,
				9D8375E11E5DDE9C0040E2E9 /* CategoryData.m */,
				9D8375E31E5DE0890040E2E9 /* YJCategorySource.h */,
				9D8375E41E5DE0890040E2E9 /* YJCategorySource.m */,
			);
			name = Model;
			sourceTree = "<group>";
		};
		9DA818731E0912FE00DD80B7 /* View */ = {
			isa = PBXGroup;
			children = (
				9D7A243D1E55EE2400F1DBCA /* YJMyHeadView.h */,
				9D7A243E1E55EE2400F1DBCA /* YJMyHeadView.m */,
				9D6769221E599BCA0029E45C /* YJOrderHeadView.h */,
				9D6769231E599BCA0029E45C /* YJOrderHeadView.m */,
				9D6769251E599E3C0029E45C /* YJMenuView.h */,
				9D6769261E599E3C0029E45C /* YJMenuView.m */,
				9D67692B1E59A2BB0029E45C /* YJTitleIconView.h */,
				9D67692C1E59A2BB0029E45C /* YJTitleIconView.m */,
			);
			name = View;
			sourceTree = "<group>";
		};
		9DA818741E09130400DD80B7 /* Controller */ = {
			isa = PBXGroup;
			children = (
				9DA818761E09131F00DD80B7 /* YJMyViewController.h */,
				9DA818771E09131F00DD80B7 /* YJMyViewController.m */,
			);
			name = Controller;
			sourceTree = "<group>";
		};
		9DA818751E09130C00DD80B7 /* Model */ = {
			isa = PBXGroup;
			children = (
				9D6769281E599E940029E45C /* YJTitleIconAction.h */,
				9D6769291E599E940029E45C /* YJTitleIconAction.m */,
				9D67692E1E59BAD80029E45C /* YJFooterBannerData.h */,
				9D67692F1E59BAD80029E45C /* YJFooterBannerData.m */,
			);
			name = Model;
			sourceTree = "<group>";
		};
		9DA8187D1E0A188300DD80B7 /* Tool */ = {
			isa = PBXGroup;
			children = (
				9DA8187E1E0A189900DD80B7 /* YJShopCarTool.h */,
				9DA8187F1E0A189900DD80B7 /* YJShopCarTool.m */,
			);
			name = Tool;
			sourceTree = "<group>";
		};
		9DA818841E0A259000DD80B7 /* Extension */ = {
			isa = PBXGroup;
			children = (
				9DA818851E0A25AC00DD80B7 /* NSString+Extension.h */,
				9DA818861E0A25AC00DD80B7 /* NSString+Extension.m */,
				9DA818CD1E0C31E000DD80B7 /* UIColor+YJExpand.h */,
				9DA818CE1E0C31E000DD80B7 /* UIColor+YJExpand.m */,
			);
			name = Extension;
			sourceTree = "<group>";
		};
		9DA8188E1E0AD98D00DD80B7 /* View */ = {
			isa = PBXGroup;
			children = (
				9DA8188F1E0AD9AB00DD80B7 /* UIBarButtonItem+Button.h */,
				9DA818901E0AD9AB00DD80B7 /* UIBarButtonItem+Button.m */,
				9DA818921E0ADA4900DD80B7 /* ItemCustomButton.h */,
				9DA818931E0ADA4900DD80B7 /* ItemCustomButton.m */,
				9DA818AD1E0BB57600DD80B7 /* YJIconImageTextView.h */,
				9DA818AE1E0BB57600DD80B7 /* YJIconImageTextView.m */,
				9DA5117E1E534B0700F8684D /* YJAnimationRefreshHeader.h */,
				9DA5117F1E534B0700F8684D /* YJAnimationRefreshHeader.m */,
			);
			name = View;
			sourceTree = "<group>";
		};
		9DA818B61E0BFE4000DD80B7 /* View */ = {
			isa = PBXGroup;
			children = (
				9DA818B71E0BFE5500DD80B7 /* BaseTabBatButton.h */,
				9DA818B81E0BFE5500DD80B7 /* BaseTabBatButton.m */,
			);
			name = View;
			sourceTree = "<group>";
		};
		9DA818C31E0C1FF500DD80B7 /* Tool */ = {
			isa = PBXGroup;
			children = (
				9DA818C41E0C202A00DD80B7 /* YJProgressHUDManager.h */,
				9DA818C51E0C202A00DD80B7 /* YJProgressHUDManager.m */,
			);
			name = Tool;
			sourceTree = "<group>";
		};
		B38A398B2B6B1F33F02FDACD /* Frameworks */ = {
			isa = PBXGroup;
			children = (
				CFA8B500350969133BB30524 /* libPods-Take-out Demo.a */,
			);
			name = Frameworks;
			sourceTree = "<group>";
		};
		B3CB6F0A4D37F0E4B3C68D2D /* Pods */ = {
			isa = PBXGroup;
			children = (
				D4769EA533306E7C89CE4DF5 /* Pods-Take-out Demo.debug.xcconfig */,
				F02E2890019195B57247E513 /* Pods-Take-out Demo.release.xcconfig */,
			);
			name = Pods;
			sourceTree = "<group>";
		};
/* End PBXGroup section */

/* Begin PBXNativeTarget section */
		9DA818221E090B1400DD80B7 /* Take-out Demo */ = {
			isa = PBXNativeTarget;
			buildConfigurationList = 9DA818481E090B1400DD80B7 /* Build configuration list for PBXNativeTarget "Take-out Demo" */;
			buildPhases = (
				406847C935E114CBEE3E147A /* [CP] Check Pods Manifest.lock */,
				9DA8181F1E090B1400DD80B7 /* Sources */,
				9DA818201E090B1400DD80B7 /* Frameworks */,
				9DA818211E090B1400DD80B7 /* Resources */,
				E7CBAAD021FD092B985541F9 /* [CP] Embed Pods Frameworks */,
				58069784A308558643D04DD2 /* [CP] Copy Pods Resources */,
			);
			buildRules = (
			);
			dependencies = (
			);
			name = "Take-out Demo";
			productName = "Take-out Demo";
			productReference = 9DA818231E090B1400DD80B7 /* Take-out Demo.app */;
			productType = "com.apple.product-type.application";
		};
		9DA8183E1E090B1400DD80B7 /* Take-out DemoTests */ = {
			isa = PBXNativeTarget;
			buildConfigurationList = 9DA8184B1E090B1400DD80B7 /* Build configuration list for PBXNativeTarget "Take-out DemoTests" */;
			buildPhases = (
				9DA8183B1E090B1400DD80B7 /* Sources */,
				9DA8183C1E090B1400DD80B7 /* Frameworks */,
				9DA8183D1E090B1400DD80B7 /* Resources */,
			);
			buildRules = (
			);
			dependencies = (
				9DA818411E090B1400DD80B7 /* PBXTargetDependency */,
			);
			name = "Take-out DemoTests";
			productName = "Take-out DemoTests";
			productReference = 9DA8183F1E090B1400DD80B7 /* Take-out DemoTests.xctest */;
			productType = "com.apple.product-type.bundle.unit-test";
		};
/* End PBXNativeTarget section */

/* Begin PBXProject section */
		9DA8181B1E090B1400DD80B7 /* Project object */ = {
			isa = PBXProject;
			attributes = {
				LastUpgradeCheck = 0820;
				ORGANIZATIONNAME = "袁杰";
				TargetAttributes = {
					9DA818221E090B1400DD80B7 = {
						CreatedOnToolsVersion = 8.2;
						DevelopmentTeam = DG7CZTQQHX;
						ProvisioningStyle = Automatic;
					};
					9DA8183E1E090B1400DD80B7 = {
						CreatedOnToolsVersion = 8.2;
						DevelopmentTeam = DG7CZTQQHX;
						ProvisioningStyle = Automatic;
						TestTargetID = 9DA818221E090B1400DD80B7;
					};
				};
			};
			buildConfigurationList = 9DA8181E1E090B1400DD80B7 /* Build configuration list for PBXProject "Take-out Demo" */;
			compatibilityVersion = "Xcode 3.2";
			developmentRegion = English;
			hasScannedForEncodings = 0;
			knownRegions = (
				en,
				Base,
			);
			mainGroup = 9DA8181A1E090B1400DD80B7;
			productRefGroup = 9DA818241E090B1400DD80B7 /* Products */;
			projectDirPath = "";
			projectRoot = "";
			targets = (
				9DA818221E090B1400DD80B7 /* Take-out Demo */,
				9DA8183E1E090B1400DD80B7 /* Take-out DemoTests */,
			);
		};
/* End PBXProject section */

/* Begin PBXResourcesBuildPhase section */
		9DA818211E090B1400DD80B7 /* Resources */ = {
			isa = PBXResourcesBuildPhase;
			buildActionMask = 2147483647;
			files = (
				9DA5117D1E534A1C00F8684D /* 首页新鲜热卖 in Resources */,
				9DA5117B1E53495800F8684D /* 首页热卖 in Resources */,
				9D511D541E632B9E008C7348 /* supermarket in Resources */,
				9DA818391E090B1400DD80B7 /* LaunchScreen.storyboard in Resources */,
				9D6769321E59C6CE0029E45C /* footerBanner in Resources */,
				9DA818361E090B1400DD80B7 /* Assets.xcassets in Resources */,
			);
			runOnlyForDeploymentPostprocessing = 0;
		};
		9DA8183D1E090B1400DD80B7 /* Resources */ = {
			isa = PBXResourcesBuildPhase;
			buildActionMask = 2147483647;
			files = (
			);
			runOnlyForDeploymentPostprocessing = 0;
		};
/* End PBXResourcesBuildPhase section */

/* Begin PBXShellScriptBuildPhase section */
		406847C935E114CBEE3E147A /* [CP] Check Pods Manifest.lock */ = {
			isa = PBXShellScriptBuildPhase;
			buildActionMask = 2147483647;
			files = (
			);
			inputPaths = (
			);
			name = "[CP] Check Pods Manifest.lock";
			outputPaths = (
			);
			runOnlyForDeploymentPostprocessing = 0;
			shellPath = /bin/sh;
			shellScript = "diff \"${PODS_ROOT}/../Podfile.lock\" \"${PODS_ROOT}/Manifest.lock\" > /dev/null\nif [[ $? != 0 ]] ; then\n    cat << EOM\nerror: The sandbox is not in sync with the Podfile.lock. Run 'pod install' or update your CocoaPods installation.\nEOM\n    exit 1\nfi\n";
			showEnvVarsInLog = 0;
		};
		58069784A308558643D04DD2 /* [CP] Copy Pods Resources */ = {
			isa = PBXShellScriptBuildPhase;
			buildActionMask = 2147483647;
			files = (
			);
			inputPaths = (
			);
			name = "[CP] Copy Pods Resources";
			outputPaths = (
			);
			runOnlyForDeploymentPostprocessing = 0;
			shellPath = /bin/sh;
			shellScript = "\"${SRCROOT}/Pods/Target Support Files/Pods-Take-out Demo/Pods-Take-out Demo-resources.sh\"\n";
			showEnvVarsInLog = 0;
		};
		E7CBAAD021FD092B985541F9 /* [CP] Embed Pods Frameworks */ = {
			isa = PBXShellScriptBuildPhase;
			buildActionMask = 2147483647;
			files = (
			);
			inputPaths = (
			);
			name = "[CP] Embed Pods Frameworks";
			outputPaths = (
			);
			runOnlyForDeploymentPostprocessing = 0;
			shellPath = /bin/sh;
			shellScript = "\"${SRCROOT}/Pods/Target Support Files/Pods-Take-out Demo/Pods-Take-out Demo-frameworks.sh\"\n";
			showEnvVarsInLog = 0;
		};
/* End PBXShellScriptBuildPhase section */

/* Begin PBXSourcesBuildPhase section */
		9DA8181F1E090B1400DD80B7 /* Sources */ = {
			isa = PBXSourcesBuildPhase;
			buildActionMask = 2147483647;
			files = (
				9DA818AF1E0BB57600DD80B7 /* YJIconImageTextView.m in Sources */,
				9D67692D1E59A2BB0029E45C /* YJTitleIconView.m in Sources */,
				9DA818A31E0B782F00DD80B7 /* YJHeadLineView.m in Sources */,
				9DA8188D1E0AD93D00DD80B7 /* YJSelectedAdressViewController.m in Sources */,
				9DA818591E090C4B00DD80B7 /* YJConst.m in Sources */,
				9DA818A91E0B790700DD80B7 /* YJHeadLineContentView.m in Sources */,
				9DA818831E0A18EF00DD80B7 /* YJGoods.m in Sources */,
				9D8375EB1E5DEB030040E2E9 /* YJGoodsCell.m in Sources */,
				9DA818B51E0BDF7C00DD80B7 /* BaseTabBarViewController.m in Sources */,
				9DA818601E09100B00DD80B7 /* YJBaseNavigationController.m in Sources */,
				9D6769241E599BCA0029E45C /* YJOrderHeadView.m in Sources */,
				9DA818721E0912FA00DD80B7 /* YJShoppingViewController.m in Sources */,
				9DA818C61E0C202A00DD80B7 /* YJProgressHUDManager.m in Sources */,
				9DA818801E0A189900DD80B7 /* YJShopCarTool.m in Sources */,
				9DA818BF1E0C143B00DD80B7 /* YJDiscountPriceView.m in Sources */,
				9DA8187C1E09185700DD80B7 /* AppConst.m in Sources */,
				9DA818AC1E0BB4EF00DD80B7 /* YJHotView.m in Sources */,
				9DA818CF1E0C31E000DD80B7 /* UIColor+YJExpand.m in Sources */,
				9DA818C21E0C1F1C00DD80B7 /* YJBuyView.m in Sources */,
				9DA8189A1E0AE30400DD80B7 /* YJActivity.m in Sources */,
				9DA8189D1E0AE9AE00DD80B7 /* YJHomeHeadView.m in Sources */,
				9DA818CC1E0C315200DD80B7 /* YJHomeCellTitleView.m in Sources */,
				9DA818A01E0AE9E400DD80B7 /* YJScrollPageView.m in Sources */,
				9DA818941E0ADA4900DD80B7 /* ItemCustomButton.m in Sources */,
				9DA8182B1E090B1400DD80B7 /* AppDelegate.m in Sources */,
				9DA818661E09124A00DD80B7 /* YJHomeViewController.m in Sources */,
				9D6769271E599E3C0029E45C /* YJMenuView.m in Sources */,
				9D7A243F1E55EE2400F1DBCA /* YJMyHeadView.m in Sources */,
				9DA818B91E0BFE5500DD80B7 /* BaseTabBatButton.m in Sources */,
				9D8375D71E5C95820040E2E9 /* YJCategoryCell.m in Sources */,
				9D6769301E59BAD80029E45C /* YJFooterBannerData.m in Sources */,
				9DA818BC1E0C124300DD80B7 /* YJHomeCell.m in Sources */,
				9DA8188A1E0AD8FB00DD80B7 /* YJBaseViewController.m in Sources */,
				9D67692A1E599E940029E45C /* YJTitleIconAction.m in Sources */,
				9DA818341E090B1400DD80B7 /* Take_out_Demo.xcdatamodeld in Sources */,
				9DA818971E0AE17100DD80B7 /* YJHomeHeadData.m in Sources */,
				9DA818B21E0BDE0000DD80B7 /* YJWebViewController.m in Sources */,
				9DA818C91E0C311200DD80B7 /* YJHomeCategoryCell.m in Sources */,
				9DA8186C1E0912D100DD80B7 /* YJCircleViewController.m in Sources */,
				9DA818781E09131F00DD80B7 /* YJMyViewController.m in Sources */,
				9D8375E81E5DE9760040E2E9 /* YJProductsViewController.m in Sources */,
				9DA8185D1E090E4E00DD80B7 /* YJMainTabBarViewController.m in Sources */,
				9DA511801E534B0700F8684D /* YJAnimationRefreshHeader.m in Sources */,
				9DA818D21E0C37C600DD80B7 /* YJHomeCellGoodsView.m in Sources */,
				9D8375E21E5DDE9C0040E2E9 /* CategoryData.m in Sources */,
				9DA818A61E0B789200DD80B7 /* YJHeadLinePageVIew.m in Sources */,
				9DA818281E090B1400DD80B7 /* main.m in Sources */,
				9DA818911E0AD9AB00DD80B7 /* UIBarButtonItem+Button.m in Sources */,
				9DA818871E0A25AC00DD80B7 /* NSString+Extension.m in Sources */,
				9D8375E51E5DE0890040E2E9 /* YJCategorySource.m in Sources */,
			);
			runOnlyForDeploymentPostprocessing = 0;
		};
		9DA8183B1E090B1400DD80B7 /* Sources */ = {
			isa = PBXSourcesBuildPhase;
			buildActionMask = 2147483647;
			files = (
				9DA818441E090B1400DD80B7 /* Take_out_DemoTests.m in Sources */,
			);
			runOnlyForDeploymentPostprocessing = 0;
		};
/* End PBXSourcesBuildPhase section */

/* Begin PBXTargetDependency section */
		9DA818411E090B1400DD80B7 /* PBXTargetDependency */ = {
			isa = PBXTargetDependency;
			target = 9DA818221E090B1400DD80B7 /* Take-out Demo */;
			targetProxy = 9DA818401E090B1400DD80B7 /* PBXContainerItemProxy */;
		};
/* End PBXTargetDependency section */

/* Begin PBXVariantGroup section */
		9DA818371E090B1400DD80B7 /* LaunchScreen.storyboard */ = {
			isa = PBXVariantGroup;
			children = (
				9DA818381E090B1400DD80B7 /* Base */,
			);
			name = LaunchScreen.storyboard;
			sourceTree = "<group>";
		};
/* End PBXVariantGroup section */

/* Begin XCBuildConfiguration section */
		9DA818461E090B1400DD80B7 /* Debug */ = {
			isa = XCBuildConfiguration;
			buildSettings = {
				ALWAYS_SEARCH_USER_PATHS = NO;
				CLANG_ANALYZER_NONNULL = YES;
				CLANG_CXX_LANGUAGE_STANDARD = "gnu++0x";
				CLANG_CXX_LIBRARY = "libc++";
				CLANG_ENABLE_MODULES = YES;
				CLANG_ENABLE_OBJC_ARC = YES;
				CLANG_WARN_BOOL_CONVERSION = YES;
				CLANG_WARN_CONSTANT_CONVERSION = YES;
				CLANG_WARN_DIRECT_OBJC_ISA_USAGE = YES_ERROR;
				CLANG_WARN_DOCUMENTATION_COMMENTS = YES;
				CLANG_WARN_EMPTY_BODY = YES;
				CLANG_WARN_ENUM_CONVERSION = YES;
				CLANG_WARN_INFINITE_RECURSION = YES;
				CLANG_WARN_INT_CONVERSION = YES;
				CLANG_WARN_OBJC_ROOT_CLASS = YES_ERROR;
				CLANG_WARN_SUSPICIOUS_MOVE = YES;
				CLANG_WARN_UNREACHABLE_CODE = YES;
				CLANG_WARN__DUPLICATE_METHOD_MATCH = YES;
				"CODE_SIGN_IDENTITY[sdk=iphoneos*]" = "iPhone Developer";
				COPY_PHASE_STRIP = NO;
				DEBUG_INFORMATION_FORMAT = dwarf;
				ENABLE_STRICT_OBJC_MSGSEND = YES;
				ENABLE_TESTABILITY = YES;
				GCC_C_LANGUAGE_STANDARD = gnu99;
				GCC_DYNAMIC_NO_PIC = NO;
				GCC_NO_COMMON_BLOCKS = YES;
				GCC_OPTIMIZATION_LEVEL = 0;
				GCC_PREPROCESSOR_DEFINITIONS = (
					"DEBUG=1",
					"$(inherited)",
				);
				GCC_WARN_64_TO_32_BIT_CONVERSION = YES;
				GCC_WARN_ABOUT_RETURN_TYPE = YES_ERROR;
				GCC_WARN_UNDECLARED_SELECTOR = YES;
				GCC_WARN_UNINITIALIZED_AUTOS = YES_AGGRESSIVE;
				GCC_WARN_UNUSED_FUNCTION = YES;
				GCC_WARN_UNUSED_VARIABLE = YES;
				IPHONEOS_DEPLOYMENT_TARGET = 10.2;
				MTL_ENABLE_DEBUG_INFO = YES;
				ONLY_ACTIVE_ARCH = YES;
				SDKROOT = iphoneos;
			};
			name = Debug;
		};
		9DA818471E090B1400DD80B7 /* Release */ = {
			isa = XCBuildConfiguration;
			buildSettings = {
				ALWAYS_SEARCH_USER_PATHS = NO;
				CLANG_ANALYZER_NONNULL = YES;
				CLANG_CXX_LANGUAGE_STANDARD = "gnu++0x";
				CLANG_CXX_LIBRARY = "libc++";
				CLANG_ENABLE_MODULES = YES;
				CLANG_ENABLE_OBJC_ARC = YES;
				CLANG_WARN_BOOL_CONVERSION = YES;
				CLANG_WARN_CONSTANT_CONVERSION = YES;
				CLANG_WARN_DIRECT_OBJC_ISA_USAGE = YES_ERROR;
				CLANG_WARN_DOCUMENTATION_COMMENTS = YES;
				CLANG_WARN_EMPTY_BODY = YES;
				CLANG_WARN_ENUM_CONVERSION = YES;
				CLANG_WARN_INFINITE_RECURSION = YES;
				CLANG_WARN_INT_CONVERSION = YES;
				CLANG_WARN_OBJC_ROOT_CLASS = YES_ERROR;
				CLANG_WARN_SUSPICIOUS_MOVE = YES;
				CLANG_WARN_UNREACHABLE_CODE = YES;
				CLANG_WARN__DUPLICATE_METHOD_MATCH = YES;
				"CODE_SIGN_IDENTITY[sdk=iphoneos*]" = "iPhone Developer";
				COPY_PHASE_STRIP = NO;
				DEBUG_INFORMATION_FORMAT = "dwarf-with-dsym";
				ENABLE_NS_ASSERTIONS = NO;
				ENABLE_STRICT_OBJC_MSGSEND = YES;
				GCC_C_LANGUAGE_STANDARD = gnu99;
				GCC_NO_COMMON_BLOCKS = YES;
				GCC_WARN_64_TO_32_BIT_CONVERSION = YES;
				GCC_WARN_ABOUT_RETURN_TYPE = YES_ERROR;
				GCC_WARN_UNDECLARED_SELECTOR = YES;
				GCC_WARN_UNINITIALIZED_AUTOS = YES_AGGRESSIVE;
				GCC_WARN_UNUSED_FUNCTION = YES;
				GCC_WARN_UNUSED_VARIABLE = YES;
				IPHONEOS_DEPLOYMENT_TARGET = 10.2;
				MTL_ENABLE_DEBUG_INFO = NO;
				SDKROOT = iphoneos;
				VALIDATE_PRODUCT = YES;
			};
			name = Release;
		};
		9DA818491E090B1400DD80B7 /* Debug */ = {
			isa = XCBuildConfiguration;
			baseConfigurationReference = D4769EA533306E7C89CE4DF5 /* Pods-Take-out Demo.debug.xcconfig */;
			buildSettings = {
				ASSETCATALOG_COMPILER_APPICON_NAME = AppIcon;
				DEVELOPMENT_TEAM = DG7CZTQQHX;
				GCC_PRECOMPILE_PREFIX_HEADER = YES;
				GCC_PREFIX_HEADER = "$(SRCROOT)/Take-out Demo/PrefixHeader.pch";
				INFOPLIST_FILE = "Take-out Demo/Info.plist";
				LD_RUNPATH_SEARCH_PATHS = "$(inherited) @executable_path/Frameworks";
				PRODUCT_BUNDLE_IDENTIFIER = "BiggerMax.Take-out-Demo";
				PRODUCT_NAME = "$(TARGET_NAME)";
			};
			name = Debug;
		};
		9DA8184A1E090B1400DD80B7 /* Release */ = {
			isa = XCBuildConfiguration;
			baseConfigurationReference = F02E2890019195B57247E513 /* Pods-Take-out Demo.release.xcconfig */;
			buildSettings = {
				ASSETCATALOG_COMPILER_APPICON_NAME = AppIcon;
				DEVELOPMENT_TEAM = DG7CZTQQHX;
				GCC_PRECOMPILE_PREFIX_HEADER = YES;
				GCC_PREFIX_HEADER = "$(SRCROOT)/Take-out Demo/PrefixHeader.pch";
				INFOPLIST_FILE = "Take-out Demo/Info.plist";
				LD_RUNPATH_SEARCH_PATHS = "$(inherited) @executable_path/Frameworks";
				PRODUCT_BUNDLE_IDENTIFIER = "BiggerMax.Take-out-Demo";
				PRODUCT_NAME = "$(TARGET_NAME)";
			};
			name = Release;
		};
		9DA8184C1E090B1400DD80B7 /* Debug */ = {
			isa = XCBuildConfiguration;
			buildSettings = {
				BUNDLE_LOADER = "$(TEST_HOST)";
				DEVELOPMENT_TEAM = DG7CZTQQHX;
				INFOPLIST_FILE = "Take-out DemoTests/Info.plist";
				LD_RUNPATH_SEARCH_PATHS = "$(inherited) @executable_path/Frameworks @loader_path/Frameworks";
				PRODUCT_BUNDLE_IDENTIFIER = "BiggerMax.Take-out-DemoTests";
				PRODUCT_NAME = "$(TARGET_NAME)";
				TEST_HOST = "$(BUILT_PRODUCTS_DIR)/Take-out Demo.app/Take-out Demo";
			};
			name = Debug;
		};
		9DA8184D1E090B1400DD80B7 /* Release */ = {
			isa = XCBuildConfiguration;
			buildSettings = {
				BUNDLE_LOADER = "$(TEST_HOST)";
				DEVELOPMENT_TEAM = DG7CZTQQHX;
				INFOPLIST_FILE = "Take-out DemoTests/Info.plist";
				LD_RUNPATH_SEARCH_PATHS = "$(inherited) @executable_path/Frameworks @loader_path/Frameworks";
				PRODUCT_BUNDLE_IDENTIFIER = "BiggerMax.Take-out-DemoTests";
				PRODUCT_NAME = "$(TARGET_NAME)";
				TEST_HOST = "$(BUILT_PRODUCTS_DIR)/Take-out Demo.app/Take-out Demo";
			};
			name = Release;
		};
/* End XCBuildConfiguration section */

/* Begin XCConfigurationList section */
		9DA8181E1E090B1400DD80B7 /* Build configuration list for PBXProject "Take-out Demo" */ = {
			isa = XCConfigurationList;
			buildConfigurations = (
				9DA818461E090B1400DD80B7 /* Debug */,
				9DA818471E090B1400DD80B7 /* Release */,
			);
			defaultConfigurationIsVisible = 0;
			defaultConfigurationName = Release;
		};
		9DA818481E090B1400DD80B7 /* Build configuration list for PBXNativeTarget "Take-out Demo" */ = {
			isa = XCConfigurationList;
			buildConfigurations = (
				9DA818491E090B1400DD80B7 /* Debug */,
				9DA8184A1E090B1400DD80B7 /* Release */,
			);
			defaultConfigurationIsVisible = 0;
			defaultConfigurationName = Release;
		};
		9DA8184B1E090B1400DD80B7 /* Build configuration list for PBXNativeTarget "Take-out DemoTests" */ = {
			isa = XCConfigurationList;
			buildConfigurations = (
				9DA8184C1E090B1400DD80B7 /* Debug */,
				9DA8184D1E090B1400DD80B7 /* Release */,
			);
			defaultConfigurationIsVisible = 0;
			defaultConfigurationName = Release;
		};
/* End XCConfigurationList section */

/* Begin XCVersionGroup section */
		9DA818321E090B1400DD80B7 /* Take_out_Demo.xcdatamodeld */ = {
			isa = XCVersionGroup;
			children = (
				9DA818331E090B1400DD80B7 /* Take_out_Demo.xcdatamodel */,
			);
			currentVersion = 9DA818331E090B1400DD80B7 /* Take_out_Demo.xcdatamodel */;
			path = Take_out_Demo.xcdatamodeld;
			sourceTree = "<group>";
			versionGroupType = wrapper.xcdatamodel;
		};
/* End XCVersionGroup section */
	};
	rootObject = 9DA8181B1E090B1400DD80B7 /* Project object */;
}
